
Microsoft Visual Studio Solution File, Format Version 12.00
# Visual Studio Version 17
VisualStudioVersion = 17.5.33424.131
MinimumVisualStudioVersion = 10.0.40219.1
Project("{FAE04EC0-301F-11D3-BF4B-00C04F79EFBC}") = "ManipulandoStrings", "ManipulandoStrings\ManipulandoStrings.csproj", "{1587D91F-8C48-40A8-85F0-FA509749497D}"
EndProject
Global
	GlobalSection(SolutionConfigurationPlatforms) = preSolution
		Debug|Any CPU = Debug|Any CPU
		Release|Any CPU = Release|Any CPU
	EndGlobalSection
	GlobalSection(ProjectConfigurationPlatforms) = postSolution
		{1587D91F-8C48-40A8-85F0-FA509749497D}.Debug|Any CPU.ActiveCfg = Debug|Any CPU
		{1587D91F-8C48-40A8-85F0-FA509749497D}.Debug|Any CPU.Build.0 = Debug|Any CPU
		{1587D91F-8C48-40A8-85F0-FA509749497D}.Release|Any CPU.ActiveCfg = Release|Any CPU
		{1587D91F-8C48-40A8-85F0-FA509749497D}.Release|Any CPU.Build.0 = Release|Any CPU
	EndGlobalSection
	GlobalSection(SolutionProperties) = preSolution
		HideSolutionNode = FALSE
	EndGlobalSection
	GlobalSection(ExtensibilityGlobals) = postSolution
		SolutionGuid = {DDD749EC-EC9C-4FA7-9DB6-51DA8B9E548D}
	EndGlobalSection
EndGlobal
